
Microsoft Visual Studio Solution File, Format Version 12.00
# Visual Studio Version 16
VisualStudioVersion = 16.0.30413.136
MinimumVisualStudioVersion = 10.0.40219.1
Project("{FAE04EC0-301F-11D3-BF4B-00C04F79EFBC}") = "productDB", "productDB\productDB.csproj", "{974165DE-5ABE-40E4-902D-C2B74599BCCF}"
EndProject
Global
	GlobalSection(SolutionConfigurationPlatforms) = preSolution
		Debug|Any CPU = Debug|Any CPU
		Release|Any CPU = Release|Any CPU
	EndGlobalSection
	GlobalSection(ProjectConfigurationPlatforms) = postSolution
		{974165DE-5ABE-40E4-902D-C2B74599BCCF}.Debug|Any CPU.ActiveCfg = Debug|Any CPU
		{974165DE-5ABE-40E4-902D-C2B74599BCCF}.Debug|Any CPU.Build.0 = Debug|Any CPU
		{974165DE-5ABE-40E4-902D-C2B74599BCCF}.Release|Any CPU.ActiveCfg = Release|Any CPU
		{974165DE-5ABE-40E4-902D-C2B74599BCCF}.Release|Any CPU.Build.0 = Release|Any CPU
	EndGlobalSection
	GlobalSection(SolutionProperties) = preSolution
		HideSolutionNode = FALSE
	EndGlobalSection
	GlobalSection(ExtensibilityGlobals) = postSolution
		SolutionGuid = {8CD7EBC8-495D-4CCC-823E-C5587CF699DC}
	EndGlobalSection
EndGlobal
